
Microsoft Visual Studio Solution File, Format Version 12.00
# Visual Studio Version 17
VisualStudioVersion = 17.8.34330.188
MinimumVisualStudioVersion = 10.0.40219.1
Project("{FAE04EC0-301F-11D3-BF4B-00C04F79EFBC}") = "soporteKM", "soporteKM\soporteKM.csproj", "{55E87851-334B-458D-87E6-9ACB5D462E1B}"
EndProject
Global
	GlobalSection(SolutionConfigurationPlatforms) = preSolution
		Debug|Any CPU = Debug|Any CPU
		Release|Any CPU = Release|Any CPU
	EndGlobalSection
	GlobalSection(ProjectConfigurationPlatforms) = postSolution
		{55E87851-334B-458D-87E6-9ACB5D462E1B}.Debug|Any CPU.ActiveCfg = Debug|Any CPU
		{55E87851-334B-458D-87E6-9ACB5D462E1B}.Debug|Any CPU.Build.0 = Debug|Any CPU
		{55E87851-334B-458D-87E6-9ACB5D462E1B}.Release|Any CPU.ActiveCfg = Release|Any CPU
		{55E87851-334B-458D-87E6-9ACB5D462E1B}.Release|Any CPU.Build.0 = Release|Any CPU
	EndGlobalSection
	GlobalSection(SolutionProperties) = preSolution
		HideSolutionNode = FALSE
	EndGlobalSection
	GlobalSection(ExtensibilityGlobals) = postSolution
		SolutionGuid = {55EADE7D-4B68-4932-A353-DA9B6E7EF132}
	EndGlobalSection
EndGlobal
